
Microsoft Visual Studio Solution File, Format Version 12.00
# Visual Studio Version 17
VisualStudioVersion = 17.4.33122.133
MinimumVisualStudioVersion = 10.0.40219.1
Project("{FAE04EC0-301F-11D3-BF4B-00C04F79EFBC}") = "BoxLoginv2", "BoxLoginv2\BoxLoginv2.csproj", "{8EE6B571-B829-40DA-A87E-581A53586CC2}"
EndProject
Global
	GlobalSection(SolutionConfigurationPlatforms) = preSolution
		Debug|Any CPU = Debug|Any CPU
		Release|Any CPU = Release|Any CPU
	EndGlobalSection
	GlobalSection(ProjectConfigurationPlatforms) = postSolution
		{8EE6B571-B829-40DA-A87E-581A53586CC2}.Debug|Any CPU.ActiveCfg = Debug|Any CPU
		{8EE6B571-B829-40DA-A87E-581A53586CC2}.Debug|Any CPU.Build.0 = Debug|Any CPU
		{8EE6B571-B829-40DA-A87E-581A53586CC2}.Release|Any CPU.ActiveCfg = Release|Any CPU
		{8EE6B571-B829-40DA-A87E-581A53586CC2}.Release|Any CPU.Build.0 = Release|Any CPU
	EndGlobalSection
	GlobalSection(SolutionProperties) = preSolution
		HideSolutionNode = FALSE
	EndGlobalSection
	GlobalSection(ExtensibilityGlobals) = postSolution
		SolutionGuid = {00377987-6BA8-464F-BA8B-F9294A87E33A}
	EndGlobalSection
EndGlobal
